
Microsoft Visual Studio Solution File, Format Version 12.00
Project("{FAE04EC0-301F-11D3-BF4B-00C04F79EFBC}") = "SimpleInstructionMachine", "YODA\SimpleInstructionMachine.csproj", "{25E1C78D-BA76-410C-A4B9-0D457D1557C0}"
EndProject
Project("{FAE04EC0-301F-11D3-BF4B-00C04F79EFBC}") = "Davids_Solutions", "David_Solutions\Davids_Solutions\Davids_Solutions.csproj", "{188B41F5-1860-4DC4-9824-A772FCF1FF74}"
EndProject
Project("{2150E333-8FDC-42A3-9474-1A3956D46DE8}") = "Notes", "Notes", "{6E93DD06-2FBE-4DDB-B052-D3987C56B75F}"
	ProjectSection(SolutionItems) = preProject
		readme.md = readme.md
		manual.md = manual.md
	EndProjectSection
EndProject
Project("{FAE04EC0-301F-11D3-BF4B-00C04F79EFBC}") = "Intro", "Intro\Intro.csproj", "{B516CE2F-EF1D-4A27-AE49-CC389AC0ACEB}"
EndProject
Project("{FAE04EC0-301F-11D3-BF4B-00C04F79EFBC}") = "Davids_Assembler", "Davids_Assembler\Davids_Assembler.csproj", "{71892544-263B-403A-9923-2D28D766D302}"
EndProject
Project("{FAE04EC0-301F-11D3-BF4B-00C04F79EFBC}") = "A19CPU.Tests", "UnitTests\A19CPU.Tests\A19CPU.Tests.csproj", "{8E41E534-1155-4855-ACDF-DA4CCB0F5F44}"
EndProject
Global
	GlobalSection(SolutionConfigurationPlatforms) = preSolution
		Debug|Any CPU = Debug|Any CPU
		Release|Any CPU = Release|Any CPU
	EndGlobalSection
	GlobalSection(ProjectConfigurationPlatforms) = postSolution
		{25E1C78D-BA76-410C-A4B9-0D457D1557C0}.Debug|Any CPU.ActiveCfg = Debug|Any CPU
		{25E1C78D-BA76-410C-A4B9-0D457D1557C0}.Debug|Any CPU.Build.0 = Debug|Any CPU
		{25E1C78D-BA76-410C-A4B9-0D457D1557C0}.Release|Any CPU.ActiveCfg = Release|Any CPU
		{25E1C78D-BA76-410C-A4B9-0D457D1557C0}.Release|Any CPU.Build.0 = Release|Any CPU
		{188B41F5-1860-4DC4-9824-A772FCF1FF74}.Debug|Any CPU.ActiveCfg = Debug|Any CPU
		{188B41F5-1860-4DC4-9824-A772FCF1FF74}.Debug|Any CPU.Build.0 = Debug|Any CPU
		{188B41F5-1860-4DC4-9824-A772FCF1FF74}.Release|Any CPU.ActiveCfg = Release|Any CPU
		{188B41F5-1860-4DC4-9824-A772FCF1FF74}.Release|Any CPU.Build.0 = Release|Any CPU
		{B516CE2F-EF1D-4A27-AE49-CC389AC0ACEB}.Debug|Any CPU.ActiveCfg = Debug|Any CPU
		{B516CE2F-EF1D-4A27-AE49-CC389AC0ACEB}.Debug|Any CPU.Build.0 = Debug|Any CPU
		{B516CE2F-EF1D-4A27-AE49-CC389AC0ACEB}.Release|Any CPU.ActiveCfg = Release|Any CPU
		{B516CE2F-EF1D-4A27-AE49-CC389AC0ACEB}.Release|Any CPU.Build.0 = Release|Any CPU
		{71892544-263B-403A-9923-2D28D766D302}.Debug|Any CPU.ActiveCfg = Debug|Any CPU
		{71892544-263B-403A-9923-2D28D766D302}.Debug|Any CPU.Build.0 = Debug|Any CPU
		{71892544-263B-403A-9923-2D28D766D302}.Release|Any CPU.ActiveCfg = Release|Any CPU
		{71892544-263B-403A-9923-2D28D766D302}.Release|Any CPU.Build.0 = Release|Any CPU
		{8E41E534-1155-4855-ACDF-DA4CCB0F5F44}.Debug|Any CPU.ActiveCfg = Debug|Any CPU
		{8E41E534-1155-4855-ACDF-DA4CCB0F5F44}.Debug|Any CPU.Build.0 = Debug|Any CPU
		{8E41E534-1155-4855-ACDF-DA4CCB0F5F44}.Release|Any CPU.ActiveCfg = Release|Any CPU
		{8E41E534-1155-4855-ACDF-DA4CCB0F5F44}.Release|Any CPU.Build.0 = Release|Any CPU
	EndGlobalSection
EndGlobal
